
Microsoft Visual Studio Solution File, Format Version 12.00
# Visual Studio Version 16
VisualStudioVersion = 16.0.31005.135
MinimumVisualStudioVersion = 10.0.40219.1
Project("{FAE04EC0-301F-11D3-BF4B-00C04F79EFBC}") = "Regex Evaluator", "Regex Evalulator\Regex Evaluator.csproj", "{0F5A9C1F-607E-4A61-8D81-F34B4E93F709}"
EndProject
Global
	GlobalSection(SolutionConfigurationPlatforms) = preSolution
		Debug|Any CPU = Debug|Any CPU
		Release|Any CPU = Release|Any CPU
	EndGlobalSection
	GlobalSection(ProjectConfigurationPlatforms) = postSolution
		{0F5A9C1F-607E-4A61-8D81-F34B4E93F709}.Debug|Any CPU.ActiveCfg = Debug|Any CPU
		{0F5A9C1F-607E-4A61-8D81-F34B4E93F709}.Debug|Any CPU.Build.0 = Debug|Any CPU
		{0F5A9C1F-607E-4A61-8D81-F34B4E93F709}.Release|Any CPU.ActiveCfg = Release|Any CPU
		{0F5A9C1F-607E-4A61-8D81-F34B4E93F709}.Release|Any CPU.Build.0 = Release|Any CPU
	EndGlobalSection
	GlobalSection(SolutionProperties) = preSolution
		HideSolutionNode = FALSE
	EndGlobalSection
	GlobalSection(ExtensibilityGlobals) = postSolution
		SolutionGuid = {F8AFE468-71D3-4476-B5C0-DA3EFCA2BD97}
	EndGlobalSection
EndGlobal
